
Microsoft Visual Studio Solution File, Format Version 12.00
# Visual Studio Express 2013 for Windows Desktop
VisualStudioVersion = 12.0.40629.0
MinimumVisualStudioVersion = 10.0.40219.1
Project("{F184B08F-C81C-45F6-A57F-5ABD9991F28F}") = "taapBrowser", "taapBrowser\taapBrowser.vbproj", "{CE6F0546-27DA-4B5F-A418-566746E178EC}"
EndProject
Project("{2150E333-8FDC-42A3-9474-1A3956D46DE8}") = "Solution Items", "Solution Items", "{12625042-090C-4AEF-BA83-0A6C36860B05}"
	ProjectSection(SolutionItems) = preProject
		..\..\..\..\APPDATA\LOCAL\MICROSOFT\WDEXPRESS\12.0\EXTENSIONS\11LSXRLN.0SW\description.html = ..\..\..\..\APPDATA\LOCAL\MICROSOFT\WDEXPRESS\12.0\EXTENSIONS\11LSXRLN.0SW\description.html
	EndProjectSection
EndProject
Global
	GlobalSection(SolutionConfigurationPlatforms) = preSolution
		Debug|Any CPU = Debug|Any CPU
		Release|Any CPU = Release|Any CPU
	EndGlobalSection
	GlobalSection(ProjectConfigurationPlatforms) = postSolution
		{CE6F0546-27DA-4B5F-A418-566746E178EC}.Debug|Any CPU.ActiveCfg = Debug|Any CPU
		{CE6F0546-27DA-4B5F-A418-566746E178EC}.Debug|Any CPU.Build.0 = Debug|Any CPU
		{CE6F0546-27DA-4B5F-A418-566746E178EC}.Release|Any CPU.ActiveCfg = Release|Any CPU
		{CE6F0546-27DA-4B5F-A418-566746E178EC}.Release|Any CPU.Build.0 = Release|Any CPU
	EndGlobalSection
	GlobalSection(SolutionProperties) = preSolution
		HideSolutionNode = FALSE
	EndGlobalSection
EndGlobal
